
Microsoft Visual Studio Solution File, Format Version 12.00
# Visual Studio Version 17
VisualStudioVersion = 17.3.32819.101
MinimumVisualStudioVersion = 10.0.40219.1
Project("{FAE04EC0-301F-11D3-BF4B-00C04F79EFBC}") = "ConnectToDatabase", "ConnectToDatabase\ConnectToDatabase.csproj", "{4663631F-3CC3-4518-A5FC-4A413384DF2A}"
EndProject
Global
	GlobalSection(SolutionConfigurationPlatforms) = preSolution
		Debug|Any CPU = Debug|Any CPU
		Release|Any CPU = Release|Any CPU
	EndGlobalSection
	GlobalSection(ProjectConfigurationPlatforms) = postSolution
		{4663631F-3CC3-4518-A5FC-4A413384DF2A}.Debug|Any CPU.ActiveCfg = Debug|Any CPU
		{4663631F-3CC3-4518-A5FC-4A413384DF2A}.Debug|Any CPU.Build.0 = Debug|Any CPU
		{4663631F-3CC3-4518-A5FC-4A413384DF2A}.Release|Any CPU.ActiveCfg = Release|Any CPU
		{4663631F-3CC3-4518-A5FC-4A413384DF2A}.Release|Any CPU.Build.0 = Release|Any CPU
	EndGlobalSection
	GlobalSection(SolutionProperties) = preSolution
		HideSolutionNode = FALSE
	EndGlobalSection
	GlobalSection(ExtensibilityGlobals) = postSolution
		SolutionGuid = {26260735-59D8-4C21-AC9E-0E5DDB0888A3}
	EndGlobalSection
EndGlobal
